
Microsoft Visual Studio Solution File, Format Version 12.00
# Visual Studio Version 16
VisualStudioVersion = 16.0.30011.22
MinimumVisualStudioVersion = 10.0.40219.1
Project("{9A19103F-16F7-4668-BE54-9A1E7A4F7556}") = "Calendars", "Calendars\Calendars.csproj", "{3945F079-8EC0-4AF8-9153-60685B5FDB5B}"
EndProject
Project("{FAE04EC0-301F-11D3-BF4B-00C04F79EFBC}") = "BookGroup", "BookGroup\BookGroup.csproj", "{57CE712D-F90E-4312-BDA3-2312AD3DCDAB}"
EndProject
Global
	GlobalSection(SolutionConfigurationPlatforms) = preSolution
		Debug|Any CPU = Debug|Any CPU
		Release|Any CPU = Release|Any CPU
	EndGlobalSection
	GlobalSection(ProjectConfigurationPlatforms) = postSolution
		{3945F079-8EC0-4AF8-9153-60685B5FDB5B}.Debug|Any CPU.ActiveCfg = Debug|Any CPU
		{3945F079-8EC0-4AF8-9153-60685B5FDB5B}.Debug|Any CPU.Build.0 = Debug|Any CPU
		{3945F079-8EC0-4AF8-9153-60685B5FDB5B}.Release|Any CPU.ActiveCfg = Release|Any CPU
		{3945F079-8EC0-4AF8-9153-60685B5FDB5B}.Release|Any CPU.Build.0 = Release|Any CPU
		{57CE712D-F90E-4312-BDA3-2312AD3DCDAB}.Debug|Any CPU.ActiveCfg = Debug|Any CPU
		{57CE712D-F90E-4312-BDA3-2312AD3DCDAB}.Debug|Any CPU.Build.0 = Debug|Any CPU
		{57CE712D-F90E-4312-BDA3-2312AD3DCDAB}.Release|Any CPU.ActiveCfg = Release|Any CPU
		{57CE712D-F90E-4312-BDA3-2312AD3DCDAB}.Release|Any CPU.Build.0 = Release|Any CPU
	EndGlobalSection
	GlobalSection(SolutionProperties) = preSolution
		HideSolutionNode = FALSE
	EndGlobalSection
	GlobalSection(ExtensibilityGlobals) = postSolution
		SolutionGuid = {1B8604AF-5B18-4ADE-BBFA-35AE1FBB8DD0}
	EndGlobalSection
EndGlobal
